// !$*UTF8*$!
{
	archiveVersion = 1;
	classes = {
	};
	objectVersion = 60;
	objects = {

/* Begin PBXBuildFile section */
		A80774862C64E23800405FCE /* RouteLengthFormatStyle.swift in Sources */ = {isa = PBXBuildFile; fileRef = A80774852C64E23800405FCE /* RouteLengthFormatStyle.swift */; };
		A80774882C64E27D00405FCE /* ElevationFormatStyle.swift in Sources */ = {isa = PBXBuildFile; fileRef = A80774872C64E27D00405FCE /* ElevationFormatStyle.swift */; };
		A8B9402D2C604DE000259870 /* TopomapperApp.swift in Sources */ = {isa = PBXBuildFile; fileRef = A8B9402C2C604DE000259870 /* TopomapperApp.swift */; };
		A8B9402F2C604DE000259870 /* ContentView.swift in Sources */ = {isa = PBXBuildFile; fileRef = A8B9402E2C604DE000259870 /* ContentView.swift */; };
		A8B940332C604DE100259870 /* Assets.xcassets in Resources */ = {isa = PBXBuildFile; fileRef = A8B940322C604DE100259870 /* Assets.xcassets */; };
		A8B940362C604DE100259870 /* Preview Assets.xcassets in Resources */ = {isa = PBXBuildFile; fileRef = A8B940352C604DE100259870 /* Preview Assets.xcassets */; };
		A8B940412C604DE100259870 /* TopomapperTests.swift in Sources */ = {isa = PBXBuildFile; fileRef = A8B940402C604DE100259870 /* TopomapperTests.swift */; };
		A8B9404B2C604DE100259870 /* TopomapperUITests.swift in Sources */ = {isa = PBXBuildFile; fileRef = A8B9404A2C604DE100259870 /* TopomapperUITests.swift */; };
		A8B9404D2C604DE100259870 /* TopomapperUITestsLaunchTests.swift in Sources */ = {isa = PBXBuildFile; fileRef = A8B9404C2C604DE100259870 /* TopomapperUITestsLaunchTests.swift */; };
		A8B9405B2C60507B00259870 /* Sidebar.swift in Sources */ = {isa = PBXBuildFile; fileRef = A8B9405A2C60507B00259870 /* Sidebar.swift */; };
		A8B9405D2C60526300259870 /* Detail.swift in Sources */ = {isa = PBXBuildFile; fileRef = A8B9405C2C60526300259870 /* Detail.swift */; };
		A8B9405F2C605BC500259870 /* Content.swift in Sources */ = {isa = PBXBuildFile; fileRef = A8B9405E2C605BC500259870 /* Content.swift */; };
		A8B940622C605C2900259870 /* Route.swift in Sources */ = {isa = PBXBuildFile; fileRef = A8B940612C605C2900259870 /* Route.swift */; };
		A8B940682C605E7600259870 /* Waypoint.swift in Sources */ = {isa = PBXBuildFile; fileRef = A8B940672C605E7600259870 /* Waypoint.swift */; };
		A8B9406B2C605F4000259870 /* TypeAliases.swift in Sources */ = {isa = PBXBuildFile; fileRef = A8B9406A2C605F4000259870 /* TypeAliases.swift */; };
		A8B9406E2C6067F200259870 /* CLLocationCoordinate2D+Protocols.swift in Sources */ = {isa = PBXBuildFile; fileRef = A8B9406D2C6067F200259870 /* CLLocationCoordinate2D+Protocols.swift */; };
		A8E130C62C609B0C00F8BD6A /* GeoJSONFeatureCollection.swift in Sources */ = {isa = PBXBuildFile; fileRef = A8E130C52C609B0C00F8BD6A /* GeoJSONFeatureCollection.swift */; };
		A8E130C82C617A0D00F8BD6A /* WebService.swift in Sources */ = {isa = PBXBuildFile; fileRef = A8E130C72C617A0D00F8BD6A /* WebService.swift */; };
		A8E130D22C61A99A00F8BD6A /* RouteMapViewController.swift in Sources */ = {isa = PBXBuildFile; fileRef = A8E130D12C61A99A00F8BD6A /* RouteMapViewController.swift */; };
		A8E130D42C61AB4A00F8BD6A /* RouteMapViewControllerRepresentable.swift in Sources */ = {isa = PBXBuildFile; fileRef = A8E130D32C61AB4A00F8BD6A /* RouteMapViewControllerRepresentable.swift */; };
		A8E130D82C62CE1A00F8BD6A /* .gitignore in Resources */ = {isa = PBXBuildFile; fileRef = A8E130D72C62CE1400F8BD6A /* .gitignore */; };
		A8E130DA2C62CE2F00F8BD6A /* Key.swift in Sources */ = {isa = PBXBuildFile; fileRef = A8E130D92C62CE2F00F8BD6A /* Key.swift */; };
		A8E130E22C62FF0000F8BD6A /* DataController.swift in Sources */ = {isa = PBXBuildFile; fileRef = A8E130E12C62FF0000F8BD6A /* DataController.swift */; };
		A8E130E42C6309FC00F8BD6A /* Route+SampleData.swift in Sources */ = {isa = PBXBuildFile; fileRef = A8E130E32C6309FC00F8BD6A /* Route+SampleData.swift */; };
		A8E130E62C630B9300F8BD6A /* AngelusHut.geojson in Resources */ = {isa = PBXBuildFile; fileRef = A8E130E52C630B9300F8BD6A /* AngelusHut.geojson */; };
		A8E130E82C6312C000F8BD6A /* GeoJSONDecoder.swift in Sources */ = {isa = PBXBuildFile; fileRef = A8E130E72C6312C000F8BD6A /* GeoJSONDecoder.swift */; };
		A8E130EF2C631ED500F8BD6A /* TongariroCrossing.geojson in Resources */ = {isa = PBXBuildFile; fileRef = A8E130EE2C631ED500F8BD6A /* TongariroCrossing.geojson */; };
/* End PBXBuildFile section */

/* Begin PBXContainerItemProxy section */
		A8B9403D2C604DE100259870 /* PBXContainerItemProxy */ = {
			isa = PBXContainerItemProxy;
			containerPortal = A8B940212C604DE000259870 /* Project object */;
			proxyType = 1;
			remoteGlobalIDString = A8B940282C604DE000259870;
			remoteInfo = Topomapper;
		};
		A8B940472C604DE100259870 /* PBXContainerItemProxy */ = {
			isa = PBXContainerItemProxy;
			containerPortal = A8B940212C604DE000259870 /* Project object */;
			proxyType = 1;
			remoteGlobalIDString = A8B940282C604DE000259870;
			remoteInfo = Topomapper;
		};
/* End PBXContainerItemProxy section */

/* Begin PBXFileReference section */
		A80774852C64E23800405FCE /* RouteLengthFormatStyle.swift */ = {isa = PBXFileReference; lastKnownFileType = sourcecode.swift; path = RouteLengthFormatStyle.swift; sourceTree = "<group>"; };
		A80774872C64E27D00405FCE /* ElevationFormatStyle.swift */ = {isa = PBXFileReference; lastKnownFileType = sourcecode.swift; path = ElevationFormatStyle.swift; sourceTree = "<group>"; };
		A8B940292C604DE000259870 /* Topomapper.app */ = {isa = PBXFileReference; explicitFileType = wrapper.application; includeInIndex = 0; path = Topomapper.app; sourceTree = BUILT_PRODUCTS_DIR; };
		A8B9402C2C604DE000259870 /* TopomapperApp.swift */ = {isa = PBXFileReference; lastKnownFileType = sourcecode.swift; path = TopomapperApp.swift; sourceTree = "<group>"; };
		A8B9402E2C604DE000259870 /* ContentView.swift */ = {isa = PBXFileReference; lastKnownFileType = sourcecode.swift; path = ContentView.swift; sourceTree = "<group>"; };
		A8B940322C604DE100259870 /* Assets.xcassets */ = {isa = PBXFileReference; lastKnownFileType = folder.assetcatalog; path = Assets.xcassets; sourceTree = "<group>"; };
		A8B940352C604DE100259870 /* Preview Assets.xcassets */ = {isa = PBXFileReference; lastKnownFileType = folder.assetcatalog; path = "Preview Assets.xcassets"; sourceTree = "<group>"; };
		A8B940372C604DE100259870 /* Topomapper.entitlements */ = {isa = PBXFileReference; lastKnownFileType = text.plist.entitlements; path = Topomapper.entitlements; sourceTree = "<group>"; };
		A8B9403C2C604DE100259870 /* TopomapperTests.xctest */ = {isa = PBXFileReference; explicitFileType = wrapper.cfbundle; includeInIndex = 0; path = TopomapperTests.xctest; sourceTree = BUILT_PRODUCTS_DIR; };
		A8B940402C604DE100259870 /* TopomapperTests.swift */ = {isa = PBXFileReference; lastKnownFileType = sourcecode.swift; path = TopomapperTests.swift; sourceTree = "<group>"; };
		A8B940462C604DE100259870 /* TopomapperUITests.xctest */ = {isa = PBXFileReference; explicitFileType = wrapper.cfbundle; includeInIndex = 0; path = TopomapperUITests.xctest; sourceTree = BUILT_PRODUCTS_DIR; };
		A8B9404A2C604DE100259870 /* TopomapperUITests.swift */ = {isa = PBXFileReference; lastKnownFileType = sourcecode.swift; path = TopomapperUITests.swift; sourceTree = "<group>"; };
		A8B9404C2C604DE100259870 /* TopomapperUITestsLaunchTests.swift */ = {isa = PBXFileReference; lastKnownFileType = sourcecode.swift; path = TopomapperUITestsLaunchTests.swift; sourceTree = "<group>"; };
		A8B9405A2C60507B00259870 /* Sidebar.swift */ = {isa = PBXFileReference; lastKnownFileType = sourcecode.swift; path = Sidebar.swift; sourceTree = "<group>"; };
		A8B9405C2C60526300259870 /* Detail.swift */ = {isa = PBXFileReference; lastKnownFileType = sourcecode.swift; path = Detail.swift; sourceTree = "<group>"; };
		A8B9405E2C605BC500259870 /* Content.swift */ = {isa = PBXFileReference; lastKnownFileType = sourcecode.swift; path = Content.swift; sourceTree = "<group>"; };
		A8B940612C605C2900259870 /* Route.swift */ = {isa = PBXFileReference; lastKnownFileType = sourcecode.swift; path = Route.swift; sourceTree = "<group>"; };
		A8B940672C605E7600259870 /* Waypoint.swift */ = {isa = PBXFileReference; lastKnownFileType = sourcecode.swift; path = Waypoint.swift; sourceTree = "<group>"; };
		A8B9406A2C605F4000259870 /* TypeAliases.swift */ = {isa = PBXFileReference; lastKnownFileType = sourcecode.swift; path = TypeAliases.swift; sourceTree = "<group>"; };
		A8B9406D2C6067F200259870 /* CLLocationCoordinate2D+Protocols.swift */ = {isa = PBXFileReference; lastKnownFileType = sourcecode.swift; path = "CLLocationCoordinate2D+Protocols.swift"; sourceTree = "<group>"; };
		A8E130C52C609B0C00F8BD6A /* GeoJSONFeatureCollection.swift */ = {isa = PBXFileReference; lastKnownFileType = sourcecode.swift; path = GeoJSONFeatureCollection.swift; sourceTree = "<group>"; };
		A8E130C72C617A0D00F8BD6A /* WebService.swift */ = {isa = PBXFileReference; lastKnownFileType = sourcecode.swift; path = WebService.swift; sourceTree = "<group>"; };
		A8E130D12C61A99A00F8BD6A /* RouteMapViewController.swift */ = {isa = PBXFileReference; lastKnownFileType = sourcecode.swift; path = RouteMapViewController.swift; sourceTree = "<group>"; };
		A8E130D32C61AB4A00F8BD6A /* RouteMapViewControllerRepresentable.swift */ = {isa = PBXFileReference; lastKnownFileType = sourcecode.swift; path = RouteMapViewControllerRepresentable.swift; sourceTree = "<group>"; };
		A8E130D72C62CE1400F8BD6A /* .gitignore */ = {isa = PBXFileReference; lastKnownFileType = text; path = .gitignore; sourceTree = "<group>"; };
		A8E130D92C62CE2F00F8BD6A /* Key.swift */ = {isa = PBXFileReference; lastKnownFileType = sourcecode.swift; path = Key.swift; sourceTree = "<group>"; };
		A8E130E12C62FF0000F8BD6A /* DataController.swift */ = {isa = PBXFileReference; lastKnownFileType = sourcecode.swift; path = DataController.swift; sourceTree = "<group>"; };
		A8E130E32C6309FC00F8BD6A /* Route+SampleData.swift */ = {isa = PBXFileReference; lastKnownFileType = sourcecode.swift; path = "Route+SampleData.swift"; sourceTree = "<group>"; };
		A8E130E52C630B9300F8BD6A /* AngelusHut.geojson */ = {isa = PBXFileReference; lastKnownFileType = text; path = AngelusHut.geojson; sourceTree = "<group>"; };
		A8E130E72C6312C000F8BD6A /* GeoJSONDecoder.swift */ = {isa = PBXFileReference; lastKnownFileType = sourcecode.swift; path = GeoJSONDecoder.swift; sourceTree = "<group>"; };
		A8E130EE2C631ED500F8BD6A /* TongariroCrossing.geojson */ = {isa = PBXFileReference; lastKnownFileType = text; path = TongariroCrossing.geojson; sourceTree = "<group>"; };
/* End PBXFileReference section */

/* Begin PBXFrameworksBuildPhase section */
		A8B940262C604DE000259870 /* Frameworks */ = {
			isa = PBXFrameworksBuildPhase;
			buildActionMask = 2147483647;
			files = (
			);
			runOnlyForDeploymentPostprocessing = 0;
		};
		A8B940392C604DE100259870 /* Frameworks */ = {
			isa = PBXFrameworksBuildPhase;
			buildActionMask = 2147483647;
			files = (
			);
			runOnlyForDeploymentPostprocessing = 0;
		};
		A8B940432C604DE100259870 /* Frameworks */ = {
			isa = PBXFrameworksBuildPhase;
			buildActionMask = 2147483647;
			files = (
			);
			runOnlyForDeploymentPostprocessing = 0;
		};
/* End PBXFrameworksBuildPhase section */

/* Begin PBXGroup section */
		A80774842C64E23100405FCE /* Styles */ = {
			isa = PBXGroup;
			children = (
				A80774852C64E23800405FCE /* RouteLengthFormatStyle.swift */,
				A80774872C64E27D00405FCE /* ElevationFormatStyle.swift */,
			);
			path = Styles;
			sourceTree = "<group>";
		};
		A8B940202C604DE000259870 = {
			isa = PBXGroup;
			children = (
				A8B9402B2C604DE000259870 /* Topomapper */,
				A8B9403F2C604DE100259870 /* TopomapperTests */,
				A8B940492C604DE100259870 /* TopomapperUITests */,
				A8B9402A2C604DE000259870 /* Products */,
			);
			sourceTree = "<group>";
		};
		A8B9402A2C604DE000259870 /* Products */ = {
			isa = PBXGroup;
			children = (
				A8B940292C604DE000259870 /* Topomapper.app */,
				A8B9403C2C604DE100259870 /* TopomapperTests.xctest */,
				A8B940462C604DE100259870 /* TopomapperUITests.xctest */,
			);
			name = Products;
			sourceTree = "<group>";
		};
		A8B9402B2C604DE000259870 /* Topomapper */ = {
			isa = PBXGroup;
			children = (
				A8E130D72C62CE1400F8BD6A /* .gitignore */,
				A8B9402C2C604DE000259870 /* TopomapperApp.swift */,
				A8B940602C605C1100259870 /* Models */,
				A8B9406C2C6067C600259870 /* Extensions */,
				A8B940692C605F3600259870 /* Utilities */,
				A8B940592C60505A00259870 /* User Interface */,
				A8B940322C604DE100259870 /* Assets.xcassets */,
				A8B940372C604DE100259870 /* Topomapper.entitlements */,
				A8B940342C604DE100259870 /* Preview Content */,
				A8E130D92C62CE2F00F8BD6A /* Key.swift */,
			);
			path = Topomapper;
			sourceTree = "<group>";
		};
		A8B940342C604DE100259870 /* Preview Content */ = {
			isa = PBXGroup;
			children = (
				A8B940352C604DE100259870 /* Preview Assets.xcassets */,
				A8E130E12C62FF0000F8BD6A /* DataController.swift */,
				A8E130E92C63167600F8BD6A /* Sample GeoJSON */,
				A8E130E32C6309FC00F8BD6A /* Route+SampleData.swift */,
			);
			path = "Preview Content";
			sourceTree = "<group>";
		};
		A8B9403F2C604DE100259870 /* TopomapperTests */ = {
			isa = PBXGroup;
			children = (
				A8B940402C604DE100259870 /* TopomapperTests.swift */,
			);
			path = TopomapperTests;
			sourceTree = "<group>";
		};
		A8B940492C604DE100259870 /* TopomapperUITests */ = {
			isa = PBXGroup;
			children = (
				A8B9404A2C604DE100259870 /* TopomapperUITests.swift */,
				A8B9404C2C604DE100259870 /* TopomapperUITestsLaunchTests.swift */,
			);
			path = TopomapperUITests;
			sourceTree = "<group>";
		};
		A8B940592C60505A00259870 /* User Interface */ = {
			isa = PBXGroup;
			children = (
				A8E130D02C61A98500F8BD6A /* Shared */,
				A8B9402E2C604DE000259870 /* ContentView.swift */,
				A8B9405A2C60507B00259870 /* Sidebar.swift */,
				A8B9405E2C605BC500259870 /* Content.swift */,
				A8B9405C2C60526300259870 /* Detail.swift */,
			);
			path = "User Interface";
			sourceTree = "<group>";
		};
		A8B940602C605C1100259870 /* Models */ = {
			isa = PBXGroup;
			children = (
				A8B940612C605C2900259870 /* Route.swift */,
				A8B940672C605E7600259870 /* Waypoint.swift */,
				A8E130C52C609B0C00F8BD6A /* GeoJSONFeatureCollection.swift */,
			);
			path = Models;
			sourceTree = "<group>";
		};
		A8B940692C605F3600259870 /* Utilities */ = {
			isa = PBXGroup;
			children = (
				A8B9406A2C605F4000259870 /* TypeAliases.swift */,
				A8E130C72C617A0D00F8BD6A /* WebService.swift */,
				A8E130E72C6312C000F8BD6A /* GeoJSONDecoder.swift */,
			);
			path = Utilities;
			sourceTree = "<group>";
		};
		A8B9406C2C6067C600259870 /* Extensions */ = {
			isa = PBXGroup;
			children = (
				A8B9406D2C6067F200259870 /* CLLocationCoordinate2D+Protocols.swift */,
			);
			path = Extensions;
			sourceTree = "<group>";
		};
		A8E130D02C61A98500F8BD6A /* Shared */ = {
			isa = PBXGroup;
			children = (
				A80774842C64E23100405FCE /* Styles */,
				A8E130D12C61A99A00F8BD6A /* RouteMapViewController.swift */,
				A8E130D32C61AB4A00F8BD6A /* RouteMapViewControllerRepresentable.swift */,
			);
			path = Shared;
			sourceTree = "<group>";
		};
		A8E130E92C63167600F8BD6A /* Sample GeoJSON */ = {
			isa = PBXGroup;
			children = (
				A8E130EE2C631ED500F8BD6A /* TongariroCrossing.geojson */,
				A8E130E52C630B9300F8BD6A /* AngelusHut.geojson */,
			);
			path = "Sample GeoJSON";
			sourceTree = "<group>";
		};
/* End PBXGroup section */

/* Begin PBXNativeTarget section */
		A8B940282C604DE000259870 /* Topomapper */ = {
			isa = PBXNativeTarget;
			buildConfigurationList = A8B940502C604DE100259870 /* Build configuration list for PBXNativeTarget "Topomapper" */;
			buildPhases = (
				A8B940252C604DE000259870 /* Sources */,
				A8B940262C604DE000259870 /* Frameworks */,
				A8B940272C604DE000259870 /* Resources */,
			);
			buildRules = (
			);
			dependencies = (
			);
			name = Topomapper;
			productName = Topomapper;
			productReference = A8B940292C604DE000259870 /* Topomapper.app */;
			productType = "com.apple.product-type.application";
		};
		A8B9403B2C604DE100259870 /* TopomapperTests */ = {
			isa = PBXNativeTarget;
			buildConfigurationList = A8B940532C604DE100259870 /* Build configuration list for PBXNativeTarget "TopomapperTests" */;
			buildPhases = (
				A8B940382C604DE100259870 /* Sources */,
				A8B940392C604DE100259870 /* Frameworks */,
				A8B9403A2C604DE100259870 /* Resources */,
			);
			buildRules = (
			);
			dependencies = (
				A8B9403E2C604DE100259870 /* PBXTargetDependency */,
			);
			name = TopomapperTests;
			productName = TopomapperTests;
			productReference = A8B9403C2C604DE100259870 /* TopomapperTests.xctest */;
			productType = "com.apple.product-type.bundle.unit-test";
		};
		A8B940452C604DE100259870 /* TopomapperUITests */ = {
			isa = PBXNativeTarget;
			buildConfigurationList = A8B940562C604DE100259870 /* Build configuration list for PBXNativeTarget "TopomapperUITests" */;
			buildPhases = (
				A8B940422C604DE100259870 /* Sources */,
				A8B940432C604DE100259870 /* Frameworks */,
				A8B940442C604DE100259870 /* Resources */,
			);
			buildRules = (
			);
			dependencies = (
				A8B940482C604DE100259870 /* PBXTargetDependency */,
			);
			name = TopomapperUITests;
			productName = TopomapperUITests;
			productReference = A8B940462C604DE100259870 /* TopomapperUITests.xctest */;
			productType = "com.apple.product-type.bundle.ui-testing";
		};
/* End PBXNativeTarget section */

/* Begin PBXProject section */
		A8B940212C604DE000259870 /* Project object */ = {
			isa = PBXProject;
			attributes = {
				BuildIndependentTargetsInParallel = 1;
				LastSwiftUpdateCheck = 1600;
				LastUpgradeCheck = 1600;
				TargetAttributes = {
					A8B940282C604DE000259870 = {
						CreatedOnToolsVersion = 16.0;
					};
					A8B9403B2C604DE100259870 = {
						CreatedOnToolsVersion = 16.0;
						TestTargetID = A8B940282C604DE000259870;
					};
					A8B940452C604DE100259870 = {
						CreatedOnToolsVersion = 16.0;
						TestTargetID = A8B940282C604DE000259870;
					};
				};
			};
			buildConfigurationList = A8B940242C604DE000259870 /* Build configuration list for PBXProject "Topomapper" */;
			compatibilityVersion = "Xcode 15.0";
			developmentRegion = en;
			hasScannedForEncodings = 0;
			knownRegions = (
				en,
				Base,
			);
			mainGroup = A8B940202C604DE000259870;
			productRefGroup = A8B9402A2C604DE000259870 /* Products */;
			projectDirPath = "";
			projectRoot = "";
			targets = (
				A8B940282C604DE000259870 /* Topomapper */,
				A8B9403B2C604DE100259870 /* TopomapperTests */,
				A8B940452C604DE100259870 /* TopomapperUITests */,
			);
		};
/* End PBXProject section */

/* Begin PBXResourcesBuildPhase section */
		A8B940272C604DE000259870 /* Resources */ = {
			isa = PBXResourcesBuildPhase;
			buildActionMask = 2147483647;
			files = (
				A8E130E62C630B9300F8BD6A /* AngelusHut.geojson in Resources */,
				A8B940362C604DE100259870 /* Preview Assets.xcassets in Resources */,
				A8E130D82C62CE1A00F8BD6A /* .gitignore in Resources */,
				A8B940332C604DE100259870 /* Assets.xcassets in Resources */,
				A8E130EF2C631ED500F8BD6A /* TongariroCrossing.geojson in Resources */,
			);
			runOnlyForDeploymentPostprocessing = 0;
		};
		A8B9403A2C604DE100259870 /* Resources */ = {
			isa = PBXResourcesBuildPhase;
			buildActionMask = 2147483647;
			files = (
			);
			runOnlyForDeploymentPostprocessing = 0;
		};
		A8B940442C604DE100259870 /* Resources */ = {
			isa = PBXResourcesBuildPhase;
			buildActionMask = 2147483647;
			files = (
			);
			runOnlyForDeploymentPostprocessing = 0;
		};
/* End PBXResourcesBuildPhase section */

/* Begin PBXSourcesBuildPhase section */
		A8B940252C604DE000259870 /* Sources */ = {
			isa = PBXSourcesBuildPhase;
			buildActionMask = 2147483647;
			files = (
				A8E130C82C617A0D00F8BD6A /* WebService.swift in Sources */,
				A8B9406B2C605F4000259870 /* TypeAliases.swift in Sources */,
				A80774882C64E27D00405FCE /* ElevationFormatStyle.swift in Sources */,
				A8B9402F2C604DE000259870 /* ContentView.swift in Sources */,
				A8B9405B2C60507B00259870 /* Sidebar.swift in Sources */,
				A8B9405D2C60526300259870 /* Detail.swift in Sources */,
				A8E130E82C6312C000F8BD6A /* GeoJSONDecoder.swift in Sources */,
				A8B940682C605E7600259870 /* Waypoint.swift in Sources */,
				A8B940622C605C2900259870 /* Route.swift in Sources */,
				A8E130E42C6309FC00F8BD6A /* Route+SampleData.swift in Sources */,
				A8E130DA2C62CE2F00F8BD6A /* Key.swift in Sources */,
				A8E130D22C61A99A00F8BD6A /* RouteMapViewController.swift in Sources */,
				A8E130C62C609B0C00F8BD6A /* GeoJSONFeatureCollection.swift in Sources */,
				A80774862C64E23800405FCE /* RouteLengthFormatStyle.swift in Sources */,
				A8E130E22C62FF0000F8BD6A /* DataController.swift in Sources */,
				A8B9405F2C605BC500259870 /* Content.swift in Sources */,
				A8B9406E2C6067F200259870 /* CLLocationCoordinate2D+Protocols.swift in Sources */,
				A8E130D42C61AB4A00F8BD6A /* RouteMapViewControllerRepresentable.swift in Sources */,
				A8B9402D2C604DE000259870 /* TopomapperApp.swift in Sources */,
			);
			runOnlyForDeploymentPostprocessing = 0;
		};
		A8B940382C604DE100259870 /* Sources */ = {
			isa = PBXSourcesBuildPhase;
			buildActionMask = 2147483647;
			files = (
				A8B940412C604DE100259870 /* TopomapperTests.swift in Sources */,
			);
			runOnlyForDeploymentPostprocessing = 0;
		};
		A8B940422C604DE100259870 /* Sources */ = {
			isa = PBXSourcesBuildPhase;
			buildActionMask = 2147483647;
			files = (
				A8B9404B2C604DE100259870 /* TopomapperUITests.swift in Sources */,
				A8B9404D2C604DE100259870 /* TopomapperUITestsLaunchTests.swift in Sources */,
			);
			runOnlyForDeploymentPostprocessing = 0;
		};
/* End PBXSourcesBuildPhase section */

/* Begin PBXTargetDependency section */
		A8B9403E2C604DE100259870 /* PBXTargetDependency */ = {
			isa = PBXTargetDependency;
			target = A8B940282C604DE000259870 /* Topomapper */;
			targetProxy = A8B9403D2C604DE100259870 /* PBXContainerItemProxy */;
		};
		A8B940482C604DE100259870 /* PBXTargetDependency */ = {
			isa = PBXTargetDependency;
			target = A8B940282C604DE000259870 /* Topomapper */;
			targetProxy = A8B940472C604DE100259870 /* PBXContainerItemProxy */;
		};
/* End PBXTargetDependency section */

/* Begin XCBuildConfiguration section */
		A8B9404E2C604DE100259870 /* Debug */ = {
			isa = XCBuildConfiguration;
			buildSettings = {
				ALWAYS_SEARCH_USER_PATHS = NO;
				ASSETCATALOG_COMPILER_GENERATE_SWIFT_ASSET_SYMBOL_EXTENSIONS = YES;
				CLANG_ANALYZER_NONNULL = YES;
				CLANG_ANALYZER_NUMBER_OBJECT_CONVERSION = YES_AGGRESSIVE;
				CLANG_CXX_LANGUAGE_STANDARD = "gnu++20";
				CLANG_ENABLE_MODULES = YES;
				CLANG_ENABLE_OBJC_ARC = YES;
				CLANG_ENABLE_OBJC_WEAK = YES;
				CLANG_WARN_BLOCK_CAPTURE_AUTORELEASING = YES;
				CLANG_WARN_BOOL_CONVERSION = YES;
				CLANG_WARN_COMMA = YES;
				CLANG_WARN_CONSTANT_CONVERSION = YES;
				CLANG_WARN_DEPRECATED_OBJC_IMPLEMENTATIONS = YES;
				CLANG_WARN_DIRECT_OBJC_ISA_USAGE = YES_ERROR;
				CLANG_WARN_DOCUMENTATION_COMMENTS = YES;
				CLANG_WARN_EMPTY_BODY = YES;
				CLANG_WARN_ENUM_CONVERSION = YES;
				CLANG_WARN_INFINITE_RECURSION = YES;
				CLANG_WARN_INT_CONVERSION = YES;
				CLANG_WARN_NON_LITERAL_NULL_CONVERSION = YES;
				CLANG_WARN_OBJC_IMPLICIT_RETAIN_SELF = YES;
				CLANG_WARN_OBJC_LITERAL_CONVERSION = YES;
				CLANG_WARN_OBJC_ROOT_CLASS = YES_ERROR;
				CLANG_WARN_QUOTED_INCLUDE_IN_FRAMEWORK_HEADER = YES;
				CLANG_WARN_RANGE_LOOP_ANALYSIS = YES;
				CLANG_WARN_STRICT_PROTOTYPES = YES;
				CLANG_WARN_SUSPICIOUS_MOVE = YES;
				CLANG_WARN_UNGUARDED_AVAILABILITY = YES_AGGRESSIVE;
				CLANG_WARN_UNREACHABLE_CODE = YES;
				CLANG_WARN__DUPLICATE_METHOD_MATCH = YES;
				COPY_PHASE_STRIP = NO;
				DEBUG_INFORMATION_FORMAT = dwarf;
				ENABLE_STRICT_OBJC_MSGSEND = YES;
				ENABLE_TESTABILITY = YES;
				ENABLE_USER_SCRIPT_SANDBOXING = YES;
				GCC_C_LANGUAGE_STANDARD = gnu17;
				GCC_DYNAMIC_NO_PIC = NO;
				GCC_NO_COMMON_BLOCKS = YES;
				GCC_OPTIMIZATION_LEVEL = 0;
				GCC_PREPROCESSOR_DEFINITIONS = (
					"DEBUG=1",
					"$(inherited)",
				);
				GCC_WARN_64_TO_32_BIT_CONVERSION = YES;
				GCC_WARN_ABOUT_RETURN_TYPE = YES_ERROR;
				GCC_WARN_UNDECLARED_SELECTOR = YES;
				GCC_WARN_UNINITIALIZED_AUTOS = YES_AGGRESSIVE;
				GCC_WARN_UNUSED_FUNCTION = YES;
				GCC_WARN_UNUSED_VARIABLE = YES;
				LOCALIZATION_PREFERS_STRING_CATALOGS = YES;
				MACOSX_DEPLOYMENT_TARGET = 15.0;
				MTL_ENABLE_DEBUG_INFO = INCLUDE_SOURCE;
				MTL_FAST_MATH = YES;
				ONLY_ACTIVE_ARCH = YES;
				SDKROOT = macosx;
				SWIFT_ACTIVE_COMPILATION_CONDITIONS = "DEBUG $(inherited)";
				SWIFT_OPTIMIZATION_LEVEL = "-Onone";
			};
			name = Debug;
		};
		A8B9404F2C604DE100259870 /* Release */ = {
			isa = XCBuildConfiguration;
			buildSettings = {
				ALWAYS_SEARCH_USER_PATHS = NO;
				ASSETCATALOG_COMPILER_GENERATE_SWIFT_ASSET_SYMBOL_EXTENSIONS = YES;
				CLANG_ANALYZER_NONNULL = YES;
				CLANG_ANALYZER_NUMBER_OBJECT_CONVERSION = YES_AGGRESSIVE;
				CLANG_CXX_LANGUAGE_STANDARD = "gnu++20";
				CLANG_ENABLE_MODULES = YES;
				CLANG_ENABLE_OBJC_ARC = YES;
				CLANG_ENABLE_OBJC_WEAK = YES;
				CLANG_WARN_BLOCK_CAPTURE_AUTORELEASING = YES;
				CLANG_WARN_BOOL_CONVERSION = YES;
				CLANG_WARN_COMMA = YES;
				CLANG_WARN_CONSTANT_CONVERSION = YES;
				CLANG_WARN_DEPRECATED_OBJC_IMPLEMENTATIONS = YES;
				CLANG_WARN_DIRECT_OBJC_ISA_USAGE = YES_ERROR;
				CLANG_WARN_DOCUMENTATION_COMMENTS = YES;
				CLANG_WARN_EMPTY_BODY = YES;
				CLANG_WARN_ENUM_CONVERSION = YES;
				CLANG_WARN_INFINITE_RECURSION = YES;
				CLANG_WARN_INT_CONVERSION = YES;
				CLANG_WARN_NON_LITERAL_NULL_CONVERSION = YES;
				CLANG_WARN_OBJC_IMPLICIT_RETAIN_SELF = YES;
				CLANG_WARN_OBJC_LITERAL_CONVERSION = YES;
				CLANG_WARN_OBJC_ROOT_CLASS = YES_ERROR;
				CLANG_WARN_QUOTED_INCLUDE_IN_FRAMEWORK_HEADER = YES;
				CLANG_WARN_RANGE_LOOP_ANALYSIS = YES;
				CLANG_WARN_STRICT_PROTOTYPES = YES;
				CLANG_WARN_SUSPICIOUS_MOVE = YES;
				CLANG_WARN_UNGUARDED_AVAILABILITY = YES_AGGRESSIVE;
				CLANG_WARN_UNREACHABLE_CODE = YES;
				CLANG_WARN__DUPLICATE_METHOD_MATCH = YES;
				COPY_PHASE_STRIP = NO;
				DEBUG_INFORMATION_FORMAT = "dwarf-with-dsym";
				ENABLE_NS_ASSERTIONS = NO;
				ENABLE_STRICT_OBJC_MSGSEND = YES;
				ENABLE_USER_SCRIPT_SANDBOXING = YES;
				GCC_C_LANGUAGE_STANDARD = gnu17;
				GCC_NO_COMMON_BLOCKS = YES;
				GCC_WARN_64_TO_32_BIT_CONVERSION = YES;
				GCC_WARN_ABOUT_RETURN_TYPE = YES_ERROR;
				GCC_WARN_UNDECLARED_SELECTOR = YES;
				GCC_WARN_UNINITIALIZED_AUTOS = YES_AGGRESSIVE;
				GCC_WARN_UNUSED_FUNCTION = YES;
				GCC_WARN_UNUSED_VARIABLE = YES;
				LOCALIZATION_PREFERS_STRING_CATALOGS = YES;
				MACOSX_DEPLOYMENT_TARGET = 15.0;
				MTL_ENABLE_DEBUG_INFO = NO;
				MTL_FAST_MATH = YES;
				SDKROOT = macosx;
				SWIFT_COMPILATION_MODE = wholemodule;
			};
			name = Release;
		};
		A8B940512C604DE100259870 /* Debug */ = {
			isa = XCBuildConfiguration;
			buildSettings = {
				ASSETCATALOG_COMPILER_APPICON_NAME = AppIcon;
				ASSETCATALOG_COMPILER_GLOBAL_ACCENT_COLOR_NAME = AccentColor;
				CODE_SIGN_ENTITLEMENTS = Topomapper/Topomapper.entitlements;
				CODE_SIGN_STYLE = Automatic;
				COMBINE_HIDPI_IMAGES = YES;
				CURRENT_PROJECT_VERSION = 1;
				DEVELOPMENT_ASSET_PATHS = "\"Topomapper/Preview Content\"";
				DEVELOPMENT_TEAM = FR86D5B46K;
				ENABLE_HARDENED_RUNTIME = YES;
				ENABLE_PREVIEWS = YES;
				GENERATE_INFOPLIST_FILE = YES;
				INFOPLIST_KEY_NSHumanReadableCopyright = "";
				LD_RUNPATH_SEARCH_PATHS = (
					"$(inherited)",
					"@executable_path/../Frameworks",
				);
				MACOSX_DEPLOYMENT_TARGET = 14.0;
				MARKETING_VERSION = 1.0;
				PRODUCT_BUNDLE_IDENTIFIER = youngboris.Topomapper;
				PRODUCT_NAME = "$(TARGET_NAME)";
				SWIFT_EMIT_LOC_STRINGS = YES;
				SWIFT_VERSION = 5.0;
			};
			name = Debug;
		};
		A8B940522C604DE100259870 /* Release */ = {
			isa = XCBuildConfiguration;
			buildSettings = {
				ASSETCATALOG_COMPILER_APPICON_NAME = AppIcon;
				ASSETCATALOG_COMPILER_GLOBAL_ACCENT_COLOR_NAME = AccentColor;
				CODE_SIGN_ENTITLEMENTS = Topomapper/Topomapper.entitlements;
				CODE_SIGN_STYLE = Automatic;
				COMBINE_HIDPI_IMAGES = YES;
				CURRENT_PROJECT_VERSION = 1;
				DEVELOPMENT_ASSET_PATHS = "\"Topomapper/Preview Content\"";
				DEVELOPMENT_TEAM = FR86D5B46K;
				ENABLE_HARDENED_RUNTIME = YES;
				ENABLE_PREVIEWS = YES;
				GENERATE_INFOPLIST_FILE = YES;
				INFOPLIST_KEY_NSHumanReadableCopyright = "";
				LD_RUNPATH_SEARCH_PATHS = (
					"$(inherited)",
					"@executable_path/../Frameworks",
				);
				MACOSX_DEPLOYMENT_TARGET = 14.0;
				MARKETING_VERSION = 1.0;
				PRODUCT_BUNDLE_IDENTIFIER = youngboris.Topomapper;
				PRODUCT_NAME = "$(TARGET_NAME)";
				SWIFT_EMIT_LOC_STRINGS = YES;
				SWIFT_VERSION = 5.0;
			};
			name = Release;
		};
		A8B940542C604DE100259870 /* Debug */ = {
			isa = XCBuildConfiguration;
			buildSettings = {
				BUNDLE_LOADER = "$(TEST_HOST)";
				CODE_SIGN_STYLE = Automatic;
				CURRENT_PROJECT_VERSION = 1;
				DEVELOPMENT_TEAM = FR86D5B46K;
				GENERATE_INFOPLIST_FILE = YES;
				MACOSX_DEPLOYMENT_TARGET = 14.0;
				MARKETING_VERSION = 1.0;
				PRODUCT_BUNDLE_IDENTIFIER = youngboris.TopomapperTests;
				PRODUCT_NAME = "$(TARGET_NAME)";
				SWIFT_EMIT_LOC_STRINGS = NO;
				SWIFT_VERSION = 5.0;
				TEST_HOST = "$(BUILT_PRODUCTS_DIR)/Topomapper.app/$(BUNDLE_EXECUTABLE_FOLDER_PATH)/Topomapper";
			};
			name = Debug;
		};
		A8B940552C604DE100259870 /* Release */ = {
			isa = XCBuildConfiguration;
			buildSettings = {
				BUNDLE_LOADER = "$(TEST_HOST)";
				CODE_SIGN_STYLE = Automatic;
				CURRENT_PROJECT_VERSION = 1;
				DEVELOPMENT_TEAM = FR86D5B46K;
				GENERATE_INFOPLIST_FILE = YES;
				MACOSX_DEPLOYMENT_TARGET = 14.0;
				MARKETING_VERSION = 1.0;
				PRODUCT_BUNDLE_IDENTIFIER = youngboris.TopomapperTests;
				PRODUCT_NAME = "$(TARGET_NAME)";
				SWIFT_EMIT_LOC_STRINGS = NO;
				SWIFT_VERSION = 5.0;
				TEST_HOST = "$(BUILT_PRODUCTS_DIR)/Topomapper.app/$(BUNDLE_EXECUTABLE_FOLDER_PATH)/Topomapper";
			};
			name = Release;
		};
		A8B940572C604DE100259870 /* Debug */ = {
			isa = XCBuildConfiguration;
			buildSettings = {
				CODE_SIGN_STYLE = Automatic;
				CURRENT_PROJECT_VERSION = 1;
				DEVELOPMENT_TEAM = FR86D5B46K;
				GENERATE_INFOPLIST_FILE = YES;
				MARKETING_VERSION = 1.0;
				PRODUCT_BUNDLE_IDENTIFIER = youngboris.TopomapperUITests;
				PRODUCT_NAME = "$(TARGET_NAME)";
				SWIFT_EMIT_LOC_STRINGS = NO;
				SWIFT_VERSION = 5.0;
				TEST_TARGET_NAME = Topomapper;
			};
			name = Debug;
		};
		A8B940582C604DE100259870 /* Release */ = {
			isa = XCBuildConfiguration;
			buildSettings = {
				CODE_SIGN_STYLE = Automatic;
				CURRENT_PROJECT_VERSION = 1;
				DEVELOPMENT_TEAM = FR86D5B46K;
				GENERATE_INFOPLIST_FILE = YES;
				MARKETING_VERSION = 1.0;
				PRODUCT_BUNDLE_IDENTIFIER = youngboris.TopomapperUITests;
				PRODUCT_NAME = "$(TARGET_NAME)";
				SWIFT_EMIT_LOC_STRINGS = NO;
				SWIFT_VERSION = 5.0;
				TEST_TARGET_NAME = Topomapper;
			};
			name = Release;
		};
/* End XCBuildConfiguration section */

/* Begin XCConfigurationList section */
		A8B940242C604DE000259870 /* Build configuration list for PBXProject "Topomapper" */ = {
			isa = XCConfigurationList;
			buildConfigurations = (
				A8B9404E2C604DE100259870 /* Debug */,
				A8B9404F2C604DE100259870 /* Release */,
			);
			defaultConfigurationIsVisible = 0;
			defaultConfigurationName = Release;
		};
		A8B940502C604DE100259870 /* Build configuration list for PBXNativeTarget "Topomapper" */ = {
			isa = XCConfigurationList;
			buildConfigurations = (
				A8B940512C604DE100259870 /* Debug */,
				A8B940522C604DE100259870 /* Release */,
			);
			defaultConfigurationIsVisible = 0;
			defaultConfigurationName = Release;
		};
		A8B940532C604DE100259870 /* Build configuration list for PBXNativeTarget "TopomapperTests" */ = {
			isa = XCConfigurationList;
			buildConfigurations = (
				A8B940542C604DE100259870 /* Debug */,
				A8B940552C604DE100259870 /* Release */,
			);
			defaultConfigurationIsVisible = 0;
			defaultConfigurationName = Release;
		};
		A8B940562C604DE100259870 /* Build configuration list for PBXNativeTarget "TopomapperUITests" */ = {
			isa = XCConfigurationList;
			buildConfigurations = (
				A8B940572C604DE100259870 /* Debug */,
				A8B940582C604DE100259870 /* Release */,
			);
			defaultConfigurationIsVisible = 0;
			defaultConfigurationName = Release;
		};
/* End XCConfigurationList section */
	};
	rootObject = A8B940212C604DE000259870 /* Project object */;
}
